
Microsoft Visual Studio Solution File, Format Version 12.00
# Visual Studio Version 16
VisualStudioVersion = 16.0.29613.14
MinimumVisualStudioVersion = 10.0.40219.1
Project("{FAE04EC0-301F-11D3-BF4B-00C04F79EFBC}") = "CMDR", "CMDR.csproj", "{E11353F1-FBF6-44CC-9466-DF8A8C0A7444}"
EndProject
Project("{FAE04EC0-301F-11D3-BF4B-00C04F79EFBC}") = "Test", "Test\Test.csproj", "{0BE6AE82-F835-443E-92C0-5252C07EF850}"
EndProject
Global
	GlobalSection(SolutionConfigurationPlatforms) = preSolution
		Debug|Any CPU = Debug|Any CPU
		Release|Any CPU = Release|Any CPU
	EndGlobalSection
	GlobalSection(ProjectConfigurationPlatforms) = postSolution
		{E11353F1-FBF6-44CC-9466-DF8A8C0A7444}.Debug|Any CPU.ActiveCfg = Debug|Any CPU
		{E11353F1-FBF6-44CC-9466-DF8A8C0A7444}.Debug|Any CPU.Build.0 = Debug|Any CPU
		{E11353F1-FBF6-44CC-9466-DF8A8C0A7444}.Release|Any CPU.ActiveCfg = Release|Any CPU
		{E11353F1-FBF6-44CC-9466-DF8A8C0A7444}.Release|Any CPU.Build.0 = Release|Any CPU
		{0BE6AE82-F835-443E-92C0-5252C07EF850}.Debug|Any CPU.ActiveCfg = Debug|Any CPU
		{0BE6AE82-F835-443E-92C0-5252C07EF850}.Debug|Any CPU.Build.0 = Debug|Any CPU
		{0BE6AE82-F835-443E-92C0-5252C07EF850}.Release|Any CPU.ActiveCfg = Release|Any CPU
		{0BE6AE82-F835-443E-92C0-5252C07EF850}.Release|Any CPU.Build.0 = Release|Any CPU
	EndGlobalSection
	GlobalSection(SolutionProperties) = preSolution
		HideSolutionNode = FALSE
	EndGlobalSection
	GlobalSection(ExtensibilityGlobals) = postSolution
		SolutionGuid = {294B3551-5FDE-476F-B23C-21991047DBC8}
	EndGlobalSection
EndGlobal
